
Microsoft Visual Studio Solution File, Format Version 12.00
# Visual Studio 15
VisualStudioVersion = 15.0.28307.421
MinimumVisualStudioVersion = 10.0.40219.1
Project("{FAE04EC0-301F-11D3-BF4B-00C04F79EFBC}") = "FinalProject322", "FinalProject322\FinalProject322.csproj", "{B599129F-15AD-475D-8258-B6F68871EAE8}"
EndProject
Global
	GlobalSection(SolutionConfigurationPlatforms) = preSolution
		Debug|Any CPU = Debug|Any CPU
		Release|Any CPU = Release|Any CPU
	EndGlobalSection
	GlobalSection(ProjectConfigurationPlatforms) = postSolution
		{B599129F-15AD-475D-8258-B6F68871EAE8}.Debug|Any CPU.ActiveCfg = Debug|Any CPU
		{B599129F-15AD-475D-8258-B6F68871EAE8}.Debug|Any CPU.Build.0 = Debug|Any CPU
		{B599129F-15AD-475D-8258-B6F68871EAE8}.Release|Any CPU.ActiveCfg = Release|Any CPU
		{B599129F-15AD-475D-8258-B6F68871EAE8}.Release|Any CPU.Build.0 = Release|Any CPU
	EndGlobalSection
	GlobalSection(SolutionProperties) = preSolution
		HideSolutionNode = FALSE
	EndGlobalSection
	GlobalSection(ExtensibilityGlobals) = postSolution
		SolutionGuid = {A6DF7712-4FAF-42BB-88D1-D511BE75C7BB}
	EndGlobalSection
EndGlobal
